
Microsoft Visual Studio Solution File, Format Version 12.00
# Visual Studio Version 16
VisualStudioVersion = 16.0.29709.97
MinimumVisualStudioVersion = 10.0.40219.1
Project("{FAE04EC0-301F-11D3-BF4B-00C04F79EFBC}") = "chip8-sharp", "chip8-sharp.csproj", "{516685CB-0557-431D-B9E4-CBAD67442A9A}"
EndProject
Global
	GlobalSection(SolutionConfigurationPlatforms) = preSolution
		Debug|Any CPU = Debug|Any CPU
		Release|Any CPU = Release|Any CPU
	EndGlobalSection
	GlobalSection(ProjectConfigurationPlatforms) = postSolution
		{516685CB-0557-431D-B9E4-CBAD67442A9A}.Debug|Any CPU.ActiveCfg = Debug|Any CPU
		{516685CB-0557-431D-B9E4-CBAD67442A9A}.Debug|Any CPU.Build.0 = Debug|Any CPU
		{516685CB-0557-431D-B9E4-CBAD67442A9A}.Release|Any CPU.ActiveCfg = Release|Any CPU
		{516685CB-0557-431D-B9E4-CBAD67442A9A}.Release|Any CPU.Build.0 = Release|Any CPU
	EndGlobalSection
	GlobalSection(SolutionProperties) = preSolution
		HideSolutionNode = FALSE
	EndGlobalSection
	GlobalSection(ExtensibilityGlobals) = postSolution
		SolutionGuid = {ABD8FDFB-84CA-49A0-BDF9-CC3F27FBC8B9}
	EndGlobalSection
EndGlobal
